<?xml version="1.0" encoding="utf-8"?>
<Project ToolsVersion="4.0" xmlns="http://schemas.microsoft.com/developer/msbuild/2003">
  <ItemGroup>
    <Filter Include="Source Files">
      <UniqueIdentifier>{4FC737F1-C7A5-4376-A066-2A32D752A2FF}</UniqueIdentifier>
      <Extensions>cpp;c;cc;cxx;def;odl;idl;hpj;bat;asm;asmx</Extensions>
    </Filter>
    <Filter Include="Header Files">
      <UniqueIdentifier>{93995380-89BD-4b04-88EB-625FBE52EBFB}</UniqueIdentifier>
      <Extensions>h;hh;hpp;hxx;hm;inl;inc;xsd</Extensions>
    </Filter>
    <Filter Include="Resource Files">
      <UniqueIdentifier>{67DA6AB6-F800-4c08-8B7A-83BB121AAD01}</UniqueIdentifier>
      <Extensions>rc;ico;cur;bmp;dlg;rc2;rct;bin;rgs;gif;jpg;jpeg;jpe;resx;tiff;tif;png;wav;mfcribbon-ms</Extensions>
    </Filter>
    <Filter Include="Header Files\Utility">
      <UniqueIdentifier>{d07d6a6c-d546-478c-b312-7436aed0f55b}</UniqueIdentifier>
    </Filter>
    <Filter Include="Header Files\Utility\Structure">
      <UniqueIdentifier>{02e6e87a-c725-4d5f-9091-865bdb8669d7}</UniqueIdentifier>
    </Filter>
    <Filter Include="Header Files\Utility\Math">
      <UniqueIdentifier>{ef865642-f518-4959-a193-e045bb0604e5}</UniqueIdentifier>
    </Filter>
    <Filter Include="Header Files\Engine">
      <UniqueIdentifier>{82c3b20e-8375-458e-9805-1696ab1a4ef0}</UniqueIdentifier>
    </Filter>
    <Filter Include="Header Files\Engine\Rendering">
      <UniqueIdentifier>{0ed55bcd-ff97-4156-be31-399de780b788}</UniqueIdentifier>
    </Filter>
    <Filter Include="Source Files\Utility">
      <UniqueIdentifier>{4d8b0342-4d18-4fbc-a0c6-f431f335612e}</UniqueIdentifier>
    </Filter>
    <Filter Include="Source Files\Engine">
      <UniqueIdentifier>{0f365897-f76d-4468-b89a-8c03342139e6}</UniqueIdentifier>
    </Filter>
    <Filter Include="Source Files\Engine\Rendering">
      <UniqueIdentifier>{22c23070-fe93-47e3-a2ba-02a45bb75f7b}</UniqueIdentifier>
    </Filter>
    <Filter Include="Source Files\Utility\Math">
      <UniqueIdentifier>{db9ccb99-f85b-409d-87da-06480143d043}</UniqueIdentifier>
    </Filter>
    <Filter Include="Header Files\Utility\Noise">
      <UniqueIdentifier>{96740516-849b-4218-a76e-bb9ca38329b9}</UniqueIdentifier>
    </Filter>
    <Filter Include="Source Files\Utility\Noise">
      <UniqueIdentifier>{be41ae05-e24d-4877-8a3e-573d50cb70e2}</UniqueIdentifier>
    </Filter>
    <Filter Include="Source Files\Utility\Timing">
      <UniqueIdentifier>{4a51236a-828d-4d57-af70-ffb122f3b1d0}</UniqueIdentifier>
    </Filter>
    <Filter Include="Header Files\Utility\Timing">
      <UniqueIdentifier>{b35f3ab1-2c87-428d-89b7-f2135d1c6a8d}</UniqueIdentifier>
    </Filter>
    <Filter Include="Header Files\Engine\Resource">
      <UniqueIdentifier>{0912b43d-ea35-4d23-833b-e0daa0b0bd8c}</UniqueIdentifier>
    </Filter>
    <Filter Include="Source Files\Engine\Resource">
      <UniqueIdentifier>{c9832b0d-894c-48d3-b346-cfc7c2ecaeba}</UniqueIdentifier>
    </Filter>
    <Filter Include="Header Files\Utility\Pointer">
      <UniqueIdentifier>{1c05dca3-1d1e-49b6-9fb0-6545e0dd4ef0}</UniqueIdentifier>
    </Filter>
    <Filter Include="Header Files\EXT">
      <UniqueIdentifier>{201ab0e6-a176-4c82-bc84-44fd66d4fb36}</UniqueIdentifier>
    </Filter>
  </ItemGroup>
  <ItemGroup>
    <ClCompile Include="main.cpp">
      <Filter>Source Files</Filter>
    </ClCompile>
    <ClCompile Include="Random.cpp">
      <Filter>Source Files\Utility\Math</Filter>
    </ClCompile>
    <ClCompile Include="Colour.cpp">
      <Filter>Source Files\Engine\Rendering</Filter>
    </ClCompile>
    <ClCompile Include="UV.cpp">
      <Filter>Source Files\Engine\Rendering</Filter>
    </ClCompile>
    <ClCompile Include="SimplexNoise.cpp">
      <Filter>Source Files\Utility\Noise</Filter>
    </ClCompile>
    <ClCompile Include="Noise.cpp">
      <Filter>Source Files\Utility\Noise</Filter>
    </ClCompile>
    <ClCompile Include="FileReader.cpp">
      <Filter>Source Files\Engine\Resource</Filter>
    </ClCompile>
    <ClCompile Include="FileWriter.cpp">
      <Filter>Source Files\Engine\Resource</Filter>
    </ClCompile>
    <ClCompile Include="Engine.cpp">
      <Filter>Source Files\Engine</Filter>
    </ClCompile>
    <ClCompile Include="RuntimeConstants.cpp">
      <Filter>Source Files</Filter>
    </ClCompile>
    <ClCompile Include="ResourceLocation.cpp">
      <Filter>Source Files</Filter>
    </ClCompile>
    <ClCompile Include="GLTexture.cpp">
      <Filter>Source Files</Filter>
    </ClCompile>
    <ClCompile Include="GLBlendMode.cpp">
      <Filter>Source Files</Filter>
    </ClCompile>
    <ClCompile Include="VBO.cpp">
      <Filter>Source Files</Filter>
    </ClCompile>
    <ClCompile Include="VBOBatcher.cpp">
      <Filter>Source Files</Filter>
    </ClCompile>
    <ClCompile Include="ShaderObject.cpp">
      <Filter>Source Files</Filter>
    </ClCompile>
    <ClCompile Include="Logger.cpp">
      <Filter>Source Files</Filter>
    </ClCompile>
    <ClCompile Include="Texture.cpp">
      <Filter>Source Files</Filter>
    </ClCompile>
    <ClCompile Include="TextureSheet.cpp">
      <Filter>Source Files</Filter>
    </ClCompile>
    <ClCompile Include="TextureAsset.cpp">
      <Filter>Source Files</Filter>
    </ClCompile>
    <ClCompile Include="JsonReadWriter.cpp">
      <Filter>Source Files</Filter>
    </ClCompile>
    <ClCompile Include="Window.cpp">
      <Filter>Source Files</Filter>
    </ClCompile>
    <ClCompile Include="RenderingEngine.cpp">
      <Filter>Source Files</Filter>
    </ClCompile>
    <ClCompile Include="GenericShaderObject.cpp">
      <Filter>Source Files</Filter>
    </ClCompile>
  </ItemGroup>
  <ItemGroup>
    <ClInclude Include="Clamp.h">
      <Filter>Header Files\Utility\Math</Filter>
    </ClInclude>
    <ClInclude Include="ProportionList.h">
      <Filter>Header Files\Utility\Structure</Filter>
    </ClInclude>
    <ClInclude Include="Random.h">
      <Filter>Header Files\Utility\Math</Filter>
    </ClInclude>
    <ClInclude Include="UV.h">
      <Filter>Header Files\Engine\Rendering</Filter>
    </ClInclude>
    <ClInclude Include="Colour.h">
      <Filter>Header Files\Engine\Rendering</Filter>
    </ClInclude>
    <ClInclude Include="Noise.h">
      <Filter>Header Files\Utility\Noise</Filter>
    </ClInclude>
    <ClInclude Include="SimplexNoise.h">
      <Filter>Header Files\Utility\Noise</Filter>
    </ClInclude>
    <ClInclude Include="Max.h">
      <Filter>Header Files\Utility\Math</Filter>
    </ClInclude>
    <ClInclude Include="Min.h">
      <Filter>Header Files\Utility\Math</Filter>
    </ClInclude>
    <ClInclude Include="GateTimer.h">
      <Filter>Header Files\Utility\Timing</Filter>
    </ClInclude>
    <ClInclude Include="StopWatch.h">
      <Filter>Header Files\Utility\Timing</Filter>
    </ClInclude>
    <ClInclude Include="FileReader.h">
      <Filter>Header Files\Engine\Resource</Filter>
    </ClInclude>
    <ClInclude Include="FileWriter.h">
      <Filter>Header Files\Engine\Resource</Filter>
    </ClInclude>
    <ClInclude Include="Distance.h">
      <Filter>Header Files\Utility\Math</Filter>
    </ClInclude>
    <ClInclude Include="Lerp.h">
      <Filter>Header Files\Utility\Math</Filter>
    </ClInclude>
    <ClInclude Include="Angle.h">
      <Filter>Header Files\Utility\Math</Filter>
    </ClInclude>
    <ClInclude Include="Owner.h">
      <Filter>Header Files\Utility\Pointer</Filter>
    </ClInclude>
    <ClInclude Include="Not_Null.h">
      <Filter>Header Files\Utility\Pointer</Filter>
    </ClInclude>
    <ClInclude Include="Engine.h">
      <Filter>Header Files\Engine</Filter>
    </ClInclude>
    <ClInclude Include="Notify.h">
      <Filter>Header Files\Engine</Filter>
    </ClInclude>
    <ClInclude Include="ResourceLocation.h">
      <Filter>Header Files\Engine</Filter>
    </ClInclude>
    <ClInclude Include="RuntimeConstants.h">
      <Filter>Header Files\Engine</Filter>
    </ClInclude>
    <ClInclude Include="Vertex.h">
      <Filter>Header Files\Engine</Filter>
    </ClInclude>
    <ClInclude Include="Glyph.h">
      <Filter>Header Files</Filter>
    </ClInclude>
    <ClInclude Include="GLTexture.h">
      <Filter>Header Files</Filter>
    </ClInclude>
    <ClInclude Include="GLBlendMode.h">
      <Filter>Header Files</Filter>
    </ClInclude>
    <ClInclude Include="VBO.h">
      <Filter>Header Files</Filter>
    </ClInclude>
    <ClInclude Include="VBOBatcher.h">
      <Filter>Header Files</Filter>
    </ClInclude>
    <ClInclude Include="ShaderObject.h">
      <Filter>Header Files</Filter>
    </ClInclude>
    <ClInclude Include="Exit.h">
      <Filter>Header Files\Engine</Filter>
    </ClInclude>
    <ClInclude Include="Logger.h">
      <Filter>Header Files</Filter>
    </ClInclude>
    <ClInclude Include="Texture.h">
      <Filter>Header Files</Filter>
    </ClInclude>
    <ClInclude Include="AABB.h">
      <Filter>Header Files</Filter>
    </ClInclude>
    <ClInclude Include="Conversion.h">
      <Filter>Header Files\Engine</Filter>
    </ClInclude>
    <ClInclude Include="TextureSheet.h">
      <Filter>Header Files</Filter>
    </ClInclude>
    <ClInclude Include="TextureAsset.h">
      <Filter>Header Files</Filter>
    </ClInclude>
    <ClInclude Include="JsonReadWriter.h">
      <Filter>Header Files</Filter>
    </ClInclude>
    <ClInclude Include="json.hpp">
      <Filter>Header Files\EXT</Filter>
    </ClInclude>
    <ClInclude Include="Window.h">
      <Filter>Header Files</Filter>
    </ClInclude>
    <ClInclude Include="RenderingEngine.h">
      <Filter>Header Files</Filter>
    </ClInclude>
    <ClInclude Include="GenericShaderObject.h">
      <Filter>Header Files</Filter>
    </ClInclude>
  </ItemGroup>
</Project>